
Microsoft Visual Studio Solution File, Format Version 12.00
# Visual Studio Version 17
VisualStudioVersion = 17.8.34330.188
MinimumVisualStudioVersion = 10.0.40219.1
Project("{FAE04EC0-301F-11D3-BF4B-00C04F79EFBC}") = "BibliotecaWeb", "BibliotecaWeb\BibliotecaWeb.csproj", "{5FCE0760-65F7-428E-883F-DE40BF131D80}"
EndProject
Project("{FAE04EC0-301F-11D3-BF4B-00C04F79EFBC}") = "Core", "Core\Core.csproj", "{4C46A46E-D682-409C-B5BB-8926CBE25912}"
EndProject
Global
	GlobalSection(SolutionConfigurationPlatforms) = preSolution
		Debug|Any CPU = Debug|Any CPU
		Release|Any CPU = Release|Any CPU
	EndGlobalSection
	GlobalSection(ProjectConfigurationPlatforms) = postSolution
		{5FCE0760-65F7-428E-883F-DE40BF131D80}.Debug|Any CPU.ActiveCfg = Debug|Any CPU
		{5FCE0760-65F7-428E-883F-DE40BF131D80}.Debug|Any CPU.Build.0 = Debug|Any CPU
		{5FCE0760-65F7-428E-883F-DE40BF131D80}.Release|Any CPU.ActiveCfg = Release|Any CPU
		{5FCE0760-65F7-428E-883F-DE40BF131D80}.Release|Any CPU.Build.0 = Release|Any CPU
		{4C46A46E-D682-409C-B5BB-8926CBE25912}.Debug|Any CPU.ActiveCfg = Debug|Any CPU
		{4C46A46E-D682-409C-B5BB-8926CBE25912}.Debug|Any CPU.Build.0 = Debug|Any CPU
		{4C46A46E-D682-409C-B5BB-8926CBE25912}.Release|Any CPU.ActiveCfg = Release|Any CPU
		{4C46A46E-D682-409C-B5BB-8926CBE25912}.Release|Any CPU.Build.0 = Release|Any CPU
	EndGlobalSection
	GlobalSection(SolutionProperties) = preSolution
		HideSolutionNode = FALSE
	EndGlobalSection
	GlobalSection(ExtensibilityGlobals) = postSolution
		SolutionGuid = {5161A3DA-8135-4847-9F21-61B135B9C675}
	EndGlobalSection
EndGlobal
